// !$*UTF8*$!
{
	archiveVersion = 1;
	classes = {
	};
	objectVersion = 55;
	objects = {

/* Begin PBXBuildFile section */
		3517E25A28D3BD96005E5FAA /* Product.swift in Sources */ = {isa = PBXBuildFile; fileRef = 3517E25928D3BD96005E5FAA /* Product.swift */; };
		3517E25C28D3BE2C005E5FAA /* WebService.swift in Sources */ = {isa = PBXBuildFile; fileRef = 3517E25B28D3BE2C005E5FAA /* WebService.swift */; };
		352E55ED28DCE0A300636D93 /* MarketViewModel.swift in Sources */ = {isa = PBXBuildFile; fileRef = 352E55EC28DCE0A300636D93 /* MarketViewModel.swift */; };
		352E55EF28DCFAEB00636D93 /* BasketViewModel.swift in Sources */ = {isa = PBXBuildFile; fileRef = 352E55EE28DCFAEB00636D93 /* BasketViewModel.swift */; };
		3544BCD328D449A0003CC0CC /* SDWebImage in Frameworks */ = {isa = PBXBuildFile; productRef = 3544BCD228D449A0003CC0CC /* SDWebImage */; };
		3544BCD628D45B60003CC0CC /* CollectionViewCell.swift in Sources */ = {isa = PBXBuildFile; fileRef = 3544BCD428D45B60003CC0CC /* CollectionViewCell.swift */; };
		3544BCD728D45B60003CC0CC /* CollectionViewCell.xib in Resources */ = {isa = PBXBuildFile; fileRef = 3544BCD528D45B60003CC0CC /* CollectionViewCell.xib */; };
		3544BCDC28D4686A003CC0CC /* Kingfisher in Frameworks */ = {isa = PBXBuildFile; productRef = 3544BCDB28D4686A003CC0CC /* Kingfisher */; };
		354A143628D3BBC60033D96A /* AppDelegate.swift in Sources */ = {isa = PBXBuildFile; fileRef = 354A143528D3BBC60033D96A /* AppDelegate.swift */; };
		354A143828D3BBC60033D96A /* SceneDelegate.swift in Sources */ = {isa = PBXBuildFile; fileRef = 354A143728D3BBC60033D96A /* SceneDelegate.swift */; };
		354A143A28D3BBC60033D96A /* ViewController.swift in Sources */ = {isa = PBXBuildFile; fileRef = 354A143928D3BBC60033D96A /* ViewController.swift */; };
		354A143D28D3BBC60033D96A /* Main.storyboard in Resources */ = {isa = PBXBuildFile; fileRef = 354A143B28D3BBC60033D96A /* Main.storyboard */; };
		354A143F28D3BBCA0033D96A /* Assets.xcassets in Resources */ = {isa = PBXBuildFile; fileRef = 354A143E28D3BBCA0033D96A /* Assets.xcassets */; };
		354A144228D3BBCA0033D96A /* LaunchScreen.storyboard in Resources */ = {isa = PBXBuildFile; fileRef = 354A144028D3BBCA0033D96A /* LaunchScreen.storyboard */; };
		3585F47828D67293006EAB3F /* TableViewCell.swift in Sources */ = {isa = PBXBuildFile; fileRef = 3585F47728D67293006EAB3F /* TableViewCell.swift */; };
		35977C6F28DD892800FD30ED /* BasketCheck.swift in Sources */ = {isa = PBXBuildFile; fileRef = 35977C6E28DD892800FD30ED /* BasketCheck.swift */; };
		35A4B49728D60EBE00CBAC73 /* BasketViewController.swift in Sources */ = {isa = PBXBuildFile; fileRef = 35A4B49628D60EBE00CBAC73 /* BasketViewController.swift */; };
		35ED84CD28D88A5D00C04B57 /* Protocols.swift in Sources */ = {isa = PBXBuildFile; fileRef = 35ED84CC28D88A5D00C04B57 /* Protocols.swift */; };
/* End PBXBuildFile section */

/* Begin PBXFileReference section */
		3517E25928D3BD96005E5FAA /* Product.swift */ = {isa = PBXFileReference; lastKnownFileType = sourcecode.swift; path = Product.swift; sourceTree = "<group>"; };
		3517E25B28D3BE2C005E5FAA /* WebService.swift */ = {isa = PBXFileReference; lastKnownFileType = sourcecode.swift; path = WebService.swift; sourceTree = "<group>"; };
		352E55EC28DCE0A300636D93 /* MarketViewModel.swift */ = {isa = PBXFileReference; lastKnownFileType = sourcecode.swift; path = MarketViewModel.swift; sourceTree = "<group>"; };
		352E55EE28DCFAEB00636D93 /* BasketViewModel.swift */ = {isa = PBXFileReference; lastKnownFileType = sourcecode.swift; path = BasketViewModel.swift; sourceTree = "<group>"; };
		3544BCD428D45B60003CC0CC /* CollectionViewCell.swift */ = {isa = PBXFileReference; lastKnownFileType = sourcecode.swift; path = CollectionViewCell.swift; sourceTree = "<group>"; };
		3544BCD528D45B60003CC0CC /* CollectionViewCell.xib */ = {isa = PBXFileReference; lastKnownFileType = file.xib; path = CollectionViewCell.xib; sourceTree = "<group>"; };
		354A143228D3BBC60033D96A /* basketApp.app */ = {isa = PBXFileReference; explicitFileType = wrapper.application; includeInIndex = 0; path = basketApp.app; sourceTree = BUILT_PRODUCTS_DIR; };
		354A143528D3BBC60033D96A /* AppDelegate.swift */ = {isa = PBXFileReference; lastKnownFileType = sourcecode.swift; path = AppDelegate.swift; sourceTree = "<group>"; };
		354A143728D3BBC60033D96A /* SceneDelegate.swift */ = {isa = PBXFileReference; lastKnownFileType = sourcecode.swift; path = SceneDelegate.swift; sourceTree = "<group>"; };
		354A143928D3BBC60033D96A /* ViewController.swift */ = {isa = PBXFileReference; lastKnownFileType = sourcecode.swift; path = ViewController.swift; sourceTree = "<group>"; };
		354A143C28D3BBC60033D96A /* Base */ = {isa = PBXFileReference; lastKnownFileType = file.storyboard; name = Base; path = Base.lproj/Main.storyboard; sourceTree = "<group>"; };
		354A143E28D3BBCA0033D96A /* Assets.xcassets */ = {isa = PBXFileReference; lastKnownFileType = folder.assetcatalog; path = Assets.xcassets; sourceTree = "<group>"; };
		354A144128D3BBCA0033D96A /* Base */ = {isa = PBXFileReference; lastKnownFileType = file.storyboard; name = Base; path = Base.lproj/LaunchScreen.storyboard; sourceTree = "<group>"; };
		354A144328D3BBCA0033D96A /* Info.plist */ = {isa = PBXFileReference; lastKnownFileType = text.plist.xml; path = Info.plist; sourceTree = "<group>"; };
		3585F47728D67293006EAB3F /* TableViewCell.swift */ = {isa = PBXFileReference; lastKnownFileType = sourcecode.swift; path = TableViewCell.swift; sourceTree = "<group>"; };
		35977C6E28DD892800FD30ED /* BasketCheck.swift */ = {isa = PBXFileReference; lastKnownFileType = sourcecode.swift; path = BasketCheck.swift; sourceTree = "<group>"; };
		35A4B49628D60EBE00CBAC73 /* BasketViewController.swift */ = {isa = PBXFileReference; lastKnownFileType = sourcecode.swift; path = BasketViewController.swift; sourceTree = "<group>"; };
		35ED84CC28D88A5D00C04B57 /* Protocols.swift */ = {isa = PBXFileReference; lastKnownFileType = sourcecode.swift; path = Protocols.swift; sourceTree = "<group>"; };
/* End PBXFileReference section */

/* Begin PBXFrameworksBuildPhase section */
		354A142F28D3BBC60033D96A /* Frameworks */ = {
			isa = PBXFrameworksBuildPhase;
			buildActionMask = 2147483647;
			files = (
				3544BCDC28D4686A003CC0CC /* Kingfisher in Frameworks */,
				3544BCD328D449A0003CC0CC /* SDWebImage in Frameworks */,
			);
			runOnlyForDeploymentPostprocessing = 0;
		};
/* End PBXFrameworksBuildPhase section */

/* Begin PBXGroup section */
		354A142928D3BBC60033D96A = {
			isa = PBXGroup;
			children = (
				354A143428D3BBC60033D96A /* basketApp */,
				354A143328D3BBC60033D96A /* Products */,
			);
			sourceTree = "<group>";
		};
		354A143328D3BBC60033D96A /* Products */ = {
			isa = PBXGroup;
			children = (
				354A143228D3BBC60033D96A /* basketApp.app */,
			);
			name = Products;
			sourceTree = "<group>";
		};
		354A143428D3BBC60033D96A /* basketApp */ = {
			isa = PBXGroup;
			children = (
				354A144F28D3BC230033D96A /* Cell */,
				354A144E28D3BC170033D96A /* View */,
				354A144D28D3BC100033D96A /* ViewModel */,
				354A144C28D3BC050033D96A /* Model */,
				354A144B28D3BBF70033D96A /* Storyboard */,
				354A144A28D3BBF00033D96A /* Service */,
				354A144928D3BBE90033D96A /* Utility */,
				354A143528D3BBC60033D96A /* AppDelegate.swift */,
				354A143728D3BBC60033D96A /* SceneDelegate.swift */,
				354A143B28D3BBC60033D96A /* Main.storyboard */,
				354A144028D3BBCA0033D96A /* LaunchScreen.storyboard */,
				354A143E28D3BBCA0033D96A /* Assets.xcassets */,
				354A144328D3BBCA0033D96A /* Info.plist */,
			);
			path = basketApp;
			sourceTree = "<group>";
		};
		354A144928D3BBE90033D96A /* Utility */ = {
			isa = PBXGroup;
			children = (
				35ED84CC28D88A5D00C04B57 /* Protocols.swift */,
			);
			path = Utility;
			sourceTree = "<group>";
		};
		354A144A28D3BBF00033D96A /* Service */ = {
			isa = PBXGroup;
			children = (
				3517E25B28D3BE2C005E5FAA /* WebService.swift */,
			);
			path = Service;
			sourceTree = "<group>";
		};
		354A144B28D3BBF70033D96A /* Storyboard */ = {
			isa = PBXGroup;
			children = (
			);
			path = Storyboard;
			sourceTree = "<group>";
		};
		354A144C28D3BC050033D96A /* Model */ = {
			isa = PBXGroup;
			children = (
				3517E25928D3BD96005E5FAA /* Product.swift */,
				35977C6E28DD892800FD30ED /* BasketCheck.swift */,
			);
			path = Model;
			sourceTree = "<group>";
		};
		354A144D28D3BC100033D96A /* ViewModel */ = {
			isa = PBXGroup;
			children = (
				352E55EC28DCE0A300636D93 /* MarketViewModel.swift */,
				352E55EE28DCFAEB00636D93 /* BasketViewModel.swift */,
			);
			path = ViewModel;
			sourceTree = "<group>";
		};
		354A144E28D3BC170033D96A /* View */ = {
			isa = PBXGroup;
			children = (
				354A143928D3BBC60033D96A /* ViewController.swift */,
				35A4B49628D60EBE00CBAC73 /* BasketViewController.swift */,
			);
			path = View;
			sourceTree = "<group>";
		};
		354A144F28D3BC230033D96A /* Cell */ = {
			isa = PBXGroup;
			children = (
				3544BCD428D45B60003CC0CC /* CollectionViewCell.swift */,
				3544BCD528D45B60003CC0CC /* CollectionViewCell.xib */,
				3585F47728D67293006EAB3F /* TableViewCell.swift */,
			);
			path = Cell;
			sourceTree = "<group>";
		};
/* End PBXGroup section */

/* Begin PBXNativeTarget section */
		354A143128D3BBC60033D96A /* basketApp */ = {
			isa = PBXNativeTarget;
			buildConfigurationList = 354A144628D3BBCA0033D96A /* Build configuration list for PBXNativeTarget "basketApp" */;
			buildPhases = (
				354A142E28D3BBC60033D96A /* Sources */,
				354A142F28D3BBC60033D96A /* Frameworks */,
				354A143028D3BBC60033D96A /* Resources */,
			);
			buildRules = (
			);
			dependencies = (
			);
			name = basketApp;
			packageProductDependencies = (
				3544BCD228D449A0003CC0CC /* SDWebImage */,
				3544BCDB28D4686A003CC0CC /* Kingfisher */,
			);
			productName = basketApp;
			productReference = 354A143228D3BBC60033D96A /* basketApp.app */;
			productType = "com.apple.product-type.application";
		};
/* End PBXNativeTarget section */

/* Begin PBXProject section */
		354A142A28D3BBC60033D96A /* Project object */ = {
			isa = PBXProject;
			attributes = {
				BuildIndependentTargetsInParallel = 1;
				LastSwiftUpdateCheck = 1340;
				LastUpgradeCheck = 1340;
				TargetAttributes = {
					354A143128D3BBC60033D96A = {
						CreatedOnToolsVersion = 13.4.1;
					};
				};
			};
			buildConfigurationList = 354A142D28D3BBC60033D96A /* Build configuration list for PBXProject "basketApp" */;
			compatibilityVersion = "Xcode 13.0";
			developmentRegion = en;
			hasScannedForEncodings = 0;
			knownRegions = (
				en,
				Base,
			);
			mainGroup = 354A142928D3BBC60033D96A;
			packageReferences = (
				3544BCD128D449A0003CC0CC /* XCRemoteSwiftPackageReference "SDWebImage" */,
				3544BCDA28D4686A003CC0CC /* XCRemoteSwiftPackageReference "Kingfisher" */,
			);
			productRefGroup = 354A143328D3BBC60033D96A /* Products */;
			projectDirPath = "";
			projectRoot = "";
			targets = (
				354A143128D3BBC60033D96A /* basketApp */,
			);
		};
/* End PBXProject section */

/* Begin PBXResourcesBuildPhase section */
		354A143028D3BBC60033D96A /* Resources */ = {
			isa = PBXResourcesBuildPhase;
			buildActionMask = 2147483647;
			files = (
				354A144228D3BBCA0033D96A /* LaunchScreen.storyboard in Resources */,
				354A143F28D3BBCA0033D96A /* Assets.xcassets in Resources */,
				354A143D28D3BBC60033D96A /* Main.storyboard in Resources */,
				3544BCD728D45B60003CC0CC /* CollectionViewCell.xib in Resources */,
			);
			runOnlyForDeploymentPostprocessing = 0;
		};
/* End PBXResourcesBuildPhase section */

/* Begin PBXSourcesBuildPhase section */
		354A142E28D3BBC60033D96A /* Sources */ = {
			isa = PBXSourcesBuildPhase;
			buildActionMask = 2147483647;
			files = (
				354A143A28D3BBC60033D96A /* ViewController.swift in Sources */,
				3585F47828D67293006EAB3F /* TableViewCell.swift in Sources */,
				3517E25A28D3BD96005E5FAA /* Product.swift in Sources */,
				35ED84CD28D88A5D00C04B57 /* Protocols.swift in Sources */,
				35977C6F28DD892800FD30ED /* BasketCheck.swift in Sources */,
				352E55EF28DCFAEB00636D93 /* BasketViewModel.swift in Sources */,
				35A4B49728D60EBE00CBAC73 /* BasketViewController.swift in Sources */,
				354A143628D3BBC60033D96A /* AppDelegate.swift in Sources */,
				352E55ED28DCE0A300636D93 /* MarketViewModel.swift in Sources */,
				3544BCD628D45B60003CC0CC /* CollectionViewCell.swift in Sources */,
				3517E25C28D3BE2C005E5FAA /* WebService.swift in Sources */,
				354A143828D3BBC60033D96A /* SceneDelegate.swift in Sources */,
			);
			runOnlyForDeploymentPostprocessing = 0;
		};
/* End PBXSourcesBuildPhase section */

/* Begin PBXVariantGroup section */
		354A143B28D3BBC60033D96A /* Main.storyboard */ = {
			isa = PBXVariantGroup;
			children = (
				354A143C28D3BBC60033D96A /* Base */,
			);
			name = Main.storyboard;
			sourceTree = "<group>";
		};
		354A144028D3BBCA0033D96A /* LaunchScreen.storyboard */ = {
			isa = PBXVariantGroup;
			children = (
				354A144128D3BBCA0033D96A /* Base */,
			);
			name = LaunchScreen.storyboard;
			sourceTree = "<group>";
		};
/* End PBXVariantGroup section */

/* Begin XCBuildConfiguration section */
		354A144428D3BBCA0033D96A /* Debug */ = {
			isa = XCBuildConfiguration;
			buildSettings = {
				ALWAYS_SEARCH_USER_PATHS = NO;
				CLANG_ANALYZER_NONNULL = YES;
				CLANG_ANALYZER_NUMBER_OBJECT_CONVERSION = YES_AGGRESSIVE;
				CLANG_CXX_LANGUAGE_STANDARD = "gnu++17";
				CLANG_ENABLE_MODULES = YES;
				CLANG_ENABLE_OBJC_ARC = YES;
				CLANG_ENABLE_OBJC_WEAK = YES;
				CLANG_WARN_BLOCK_CAPTURE_AUTORELEASING = YES;
				CLANG_WARN_BOOL_CONVERSION = YES;
				CLANG_WARN_COMMA = YES;
				CLANG_WARN_CONSTANT_CONVERSION = YES;
				CLANG_WARN_DEPRECATED_OBJC_IMPLEMENTATIONS = YES;
				CLANG_WARN_DIRECT_OBJC_ISA_USAGE = YES_ERROR;
				CLANG_WARN_DOCUMENTATION_COMMENTS = YES;
				CLANG_WARN_EMPTY_BODY = YES;
				CLANG_WARN_ENUM_CONVERSION = YES;
				CLANG_WARN_INFINITE_RECURSION = YES;
				CLANG_WARN_INT_CONVERSION = YES;
				CLANG_WARN_NON_LITERAL_NULL_CONVERSION = YES;
				CLANG_WARN_OBJC_IMPLICIT_RETAIN_SELF = YES;
				CLANG_WARN_OBJC_LITERAL_CONVERSION = YES;
				CLANG_WARN_OBJC_ROOT_CLASS = YES_ERROR;
				CLANG_WARN_QUOTED_INCLUDE_IN_FRAMEWORK_HEADER = YES;
				CLANG_WARN_RANGE_LOOP_ANALYSIS = YES;
				CLANG_WARN_STRICT_PROTOTYPES = YES;
				CLANG_WARN_SUSPICIOUS_MOVE = YES;
				CLANG_WARN_UNGUARDED_AVAILABILITY = YES_AGGRESSIVE;
				CLANG_WARN_UNREACHABLE_CODE = YES;
				CLANG_WARN__DUPLICATE_METHOD_MATCH = YES;
				COPY_PHASE_STRIP = NO;
				DEBUG_INFORMATION_FORMAT = dwarf;
				ENABLE_STRICT_OBJC_MSGSEND = YES;
				ENABLE_TESTABILITY = YES;
				GCC_C_LANGUAGE_STANDARD = gnu11;
				GCC_DYNAMIC_NO_PIC = NO;
				GCC_NO_COMMON_BLOCKS = YES;
				GCC_OPTIMIZATION_LEVEL = 0;
				GCC_PREPROCESSOR_DEFINITIONS = (
					"DEBUG=1",
					"$(inherited)",
				);
				GCC_WARN_64_TO_32_BIT_CONVERSION = YES;
				GCC_WARN_ABOUT_RETURN_TYPE = YES_ERROR;
				GCC_WARN_UNDECLARED_SELECTOR = YES;
				GCC_WARN_UNINITIALIZED_AUTOS = YES_AGGRESSIVE;
				GCC_WARN_UNUSED_FUNCTION = YES;
				GCC_WARN_UNUSED_VARIABLE = YES;
				IPHONEOS_DEPLOYMENT_TARGET = 15.5;
				MTL_ENABLE_DEBUG_INFO = INCLUDE_SOURCE;
				MTL_FAST_MATH = YES;
				ONLY_ACTIVE_ARCH = YES;
				SDKROOT = iphoneos;
				SWIFT_ACTIVE_COMPILATION_CONDITIONS = DEBUG;
				SWIFT_OPTIMIZATION_LEVEL = "-Onone";
			};
			name = Debug;
		};
		354A144528D3BBCA0033D96A /* Release */ = {
			isa = XCBuildConfiguration;
			buildSettings = {
				ALWAYS_SEARCH_USER_PATHS = NO;
				CLANG_ANALYZER_NONNULL = YES;
				CLANG_ANALYZER_NUMBER_OBJECT_CONVERSION = YES_AGGRESSIVE;
				CLANG_CXX_LANGUAGE_STANDARD = "gnu++17";
				CLANG_ENABLE_MODULES = YES;
				CLANG_ENABLE_OBJC_ARC = YES;
				CLANG_ENABLE_OBJC_WEAK = YES;
				CLANG_WARN_BLOCK_CAPTURE_AUTORELEASING = YES;
				CLANG_WARN_BOOL_CONVERSION = YES;
				CLANG_WARN_COMMA = YES;
				CLANG_WARN_CONSTANT_CONVERSION = YES;
				CLANG_WARN_DEPRECATED_OBJC_IMPLEMENTATIONS = YES;
				CLANG_WARN_DIRECT_OBJC_ISA_USAGE = YES_ERROR;
				CLANG_WARN_DOCUMENTATION_COMMENTS = YES;
				CLANG_WARN_EMPTY_BODY = YES;
				CLANG_WARN_ENUM_CONVERSION = YES;
				CLANG_WARN_INFINITE_RECURSION = YES;
				CLANG_WARN_INT_CONVERSION = YES;
				CLANG_WARN_NON_LITERAL_NULL_CONVERSION = YES;
				CLANG_WARN_OBJC_IMPLICIT_RETAIN_SELF = YES;
				CLANG_WARN_OBJC_LITERAL_CONVERSION = YES;
				CLANG_WARN_OBJC_ROOT_CLASS = YES_ERROR;
				CLANG_WARN_QUOTED_INCLUDE_IN_FRAMEWORK_HEADER = YES;
				CLANG_WARN_RANGE_LOOP_ANALYSIS = YES;
				CLANG_WARN_STRICT_PROTOTYPES = YES;
				CLANG_WARN_SUSPICIOUS_MOVE = YES;
				CLANG_WARN_UNGUARDED_AVAILABILITY = YES_AGGRESSIVE;
				CLANG_WARN_UNREACHABLE_CODE = YES;
				CLANG_WARN__DUPLICATE_METHOD_MATCH = YES;
				COPY_PHASE_STRIP = NO;
				DEBUG_INFORMATION_FORMAT = "dwarf-with-dsym";
				ENABLE_NS_ASSERTIONS = NO;
				ENABLE_STRICT_OBJC_MSGSEND = YES;
				GCC_C_LANGUAGE_STANDARD = gnu11;
				GCC_NO_COMMON_BLOCKS = YES;
				GCC_WARN_64_TO_32_BIT_CONVERSION = YES;
				GCC_WARN_ABOUT_RETURN_TYPE = YES_ERROR;
				GCC_WARN_UNDECLARED_SELECTOR = YES;
				GCC_WARN_UNINITIALIZED_AUTOS = YES_AGGRESSIVE;
				GCC_WARN_UNUSED_FUNCTION = YES;
				GCC_WARN_UNUSED_VARIABLE = YES;
				IPHONEOS_DEPLOYMENT_TARGET = 15.5;
				MTL_ENABLE_DEBUG_INFO = NO;
				MTL_FAST_MATH = YES;
				SDKROOT = iphoneos;
				SWIFT_COMPILATION_MODE = wholemodule;
				SWIFT_OPTIMIZATION_LEVEL = "-O";
				VALIDATE_PRODUCT = YES;
			};
			name = Release;
		};
		354A144728D3BBCA0033D96A /* Debug */ = {
			isa = XCBuildConfiguration;
			buildSettings = {
				ASSETCATALOG_COMPILER_APPICON_NAME = AppIcon;
				ASSETCATALOG_COMPILER_GLOBAL_ACCENT_COLOR_NAME = AccentColor;
				CODE_SIGN_STYLE = Automatic;
				CURRENT_PROJECT_VERSION = 1;
				DEVELOPMENT_TEAM = BS5VLXVPLJ;
				GENERATE_INFOPLIST_FILE = YES;
				INFOPLIST_FILE = basketApp/Info.plist;
				INFOPLIST_KEY_UIApplicationSupportsIndirectInputEvents = YES;
				INFOPLIST_KEY_UILaunchStoryboardName = LaunchScreen;
				INFOPLIST_KEY_UIMainStoryboardFile = Main;
				INFOPLIST_KEY_UISupportedInterfaceOrientations_iPad = "UIInterfaceOrientationPortrait UIInterfaceOrientationPortraitUpsideDown UIInterfaceOrientationLandscapeLeft UIInterfaceOrientationLandscapeRight";
				INFOPLIST_KEY_UISupportedInterfaceOrientations_iPhone = "UIInterfaceOrientationPortrait UIInterfaceOrientationLandscapeLeft UIInterfaceOrientationLandscapeRight";
				LD_RUNPATH_SEARCH_PATHS = (
					"$(inherited)",
					"@executable_path/Frameworks",
				);
				MARKETING_VERSION = 1.0;
				PRODUCT_BUNDLE_IDENTIFIER = com.ornek.basketApp;
				PRODUCT_NAME = "$(TARGET_NAME)";
				SWIFT_EMIT_LOC_STRINGS = YES;
				SWIFT_VERSION = 5.0;
				TARGETED_DEVICE_FAMILY = 1;
			};
			name = Debug;
		};
		354A144828D3BBCA0033D96A /* Release */ = {
			isa = XCBuildConfiguration;
			buildSettings = {
				ASSETCATALOG_COMPILER_APPICON_NAME = AppIcon;
				ASSETCATALOG_COMPILER_GLOBAL_ACCENT_COLOR_NAME = AccentColor;
				CODE_SIGN_STYLE = Automatic;
				CURRENT_PROJECT_VERSION = 1;
				DEVELOPMENT_TEAM = BS5VLXVPLJ;
				GENERATE_INFOPLIST_FILE = YES;
				INFOPLIST_FILE = basketApp/Info.plist;
				INFOPLIST_KEY_UIApplicationSupportsIndirectInputEvents = YES;
				INFOPLIST_KEY_UILaunchStoryboardName = LaunchScreen;
				INFOPLIST_KEY_UIMainStoryboardFile = Main;
				INFOPLIST_KEY_UISupportedInterfaceOrientations_iPad = "UIInterfaceOrientationPortrait UIInterfaceOrientationPortraitUpsideDown UIInterfaceOrientationLandscapeLeft UIInterfaceOrientationLandscapeRight";
				INFOPLIST_KEY_UISupportedInterfaceOrientations_iPhone = "UIInterfaceOrientationPortrait UIInterfaceOrientationLandscapeLeft UIInterfaceOrientationLandscapeRight";
				LD_RUNPATH_SEARCH_PATHS = (
					"$(inherited)",
					"@executable_path/Frameworks",
				);
				MARKETING_VERSION = 1.0;
				PRODUCT_BUNDLE_IDENTIFIER = com.ornek.basketApp;
				PRODUCT_NAME = "$(TARGET_NAME)";
				SWIFT_EMIT_LOC_STRINGS = YES;
				SWIFT_VERSION = 5.0;
				TARGETED_DEVICE_FAMILY = 1;
			};
			name = Release;
		};
/* End XCBuildConfiguration section */

/* Begin XCConfigurationList section */
		354A142D28D3BBC60033D96A /* Build configuration list for PBXProject "basketApp" */ = {
			isa = XCConfigurationList;
			buildConfigurations = (
				354A144428D3BBCA0033D96A /* Debug */,
				354A144528D3BBCA0033D96A /* Release */,
			);
			defaultConfigurationIsVisible = 0;
			defaultConfigurationName = Release;
		};
		354A144628D3BBCA0033D96A /* Build configuration list for PBXNativeTarget "basketApp" */ = {
			isa = XCConfigurationList;
			buildConfigurations = (
				354A144728D3BBCA0033D96A /* Debug */,
				354A144828D3BBCA0033D96A /* Release */,
			);
			defaultConfigurationIsVisible = 0;
			defaultConfigurationName = Release;
		};
/* End XCConfigurationList section */

/* Begin XCRemoteSwiftPackageReference section */
		3544BCD128D449A0003CC0CC /* XCRemoteSwiftPackageReference "SDWebImage" */ = {
			isa = XCRemoteSwiftPackageReference;
			repositoryURL = "https://github.com/SDWebImage/SDWebImage";
			requirement = {
				branch = master;
				kind = branch;
			};
		};
		3544BCDA28D4686A003CC0CC /* XCRemoteSwiftPackageReference "Kingfisher" */ = {
			isa = XCRemoteSwiftPackageReference;
			repositoryURL = "https://github.com/onevcat/Kingfisher";
			requirement = {
				branch = master;
				kind = branch;
			};
		};
/* End XCRemoteSwiftPackageReference section */

/* Begin XCSwiftPackageProductDependency section */
		3544BCD228D449A0003CC0CC /* SDWebImage */ = {
			isa = XCSwiftPackageProductDependency;
			package = 3544BCD128D449A0003CC0CC /* XCRemoteSwiftPackageReference "SDWebImage" */;
			productName = SDWebImage;
		};
		3544BCDB28D4686A003CC0CC /* Kingfisher */ = {
			isa = XCSwiftPackageProductDependency;
			package = 3544BCDA28D4686A003CC0CC /* XCRemoteSwiftPackageReference "Kingfisher" */;
			productName = Kingfisher;
		};
/* End XCSwiftPackageProductDependency section */
	};
	rootObject = 354A142A28D3BBC60033D96A /* Project object */;
}
